
Microsoft Visual Studio Solution File, Format Version 12.00
# Visual Studio Version 17
VisualStudioVersion = 17.4.33205.214
MinimumVisualStudioVersion = 10.0.40219.1
Project("{8BC9CEB8-8B4A-11D0-8D11-00A0C91BC942}") = "20230106-C", "20230106-C.vcxproj", "{DB9AD0EA-D4FD-4D0F-8F59-FBDE7CD0B64F}"
EndProject
Global
	GlobalSection(SolutionConfigurationPlatforms) = preSolution
		Debug|x64 = Debug|x64
		Debug|x86 = Debug|x86
		Release|x64 = Release|x64
		Release|x86 = Release|x86
	EndGlobalSection
	GlobalSection(ProjectConfigurationPlatforms) = postSolution
		{DB9AD0EA-D4FD-4D0F-8F59-FBDE7CD0B64F}.Debug|x64.ActiveCfg = Debug|x64
		{DB9AD0EA-D4FD-4D0F-8F59-FBDE7CD0B64F}.Debug|x64.Build.0 = Debug|x64
		{DB9AD0EA-D4FD-4D0F-8F59-FBDE7CD0B64F}.Debug|x86.ActiveCfg = Debug|Win32
		{DB9AD0EA-D4FD-4D0F-8F59-FBDE7CD0B64F}.Debug|x86.Build.0 = Debug|Win32
		{DB9AD0EA-D4FD-4D0F-8F59-FBDE7CD0B64F}.Release|x64.ActiveCfg = Release|x64
		{DB9AD0EA-D4FD-4D0F-8F59-FBDE7CD0B64F}.Release|x64.Build.0 = Release|x64
		{DB9AD0EA-D4FD-4D0F-8F59-FBDE7CD0B64F}.Release|x86.ActiveCfg = Release|Win32
		{DB9AD0EA-D4FD-4D0F-8F59-FBDE7CD0B64F}.Release|x86.Build.0 = Release|Win32
	EndGlobalSection
	GlobalSection(SolutionProperties) = preSolution
		HideSolutionNode = FALSE
	EndGlobalSection
	GlobalSection(ExtensibilityGlobals) = postSolution
		SolutionGuid = {EAE5B69E-E58C-480E-B814-E0C28CC839A3}
	EndGlobalSection
EndGlobal
